
Microsoft Visual Studio Solution File, Format Version 12.00
# Visual Studio Version 17
VisualStudioVersion = 17.11.35327.3
MinimumVisualStudioVersion = 10.0.40219.1
Project("{FAE04EC0-301F-11D3-BF4B-00C04F79EFBC}") = "CicekSepetiCloneDotNet", "CicekSepetiCloneDotNet\CicekSepetiCloneDotNet.csproj", "{A8426084-3A78-48A4-AEC7-332CD13F7E2E}"
EndProject
Global
	GlobalSection(SolutionConfigurationPlatforms) = preSolution
		Debug|Any CPU = Debug|Any CPU
		Release|Any CPU = Release|Any CPU
	EndGlobalSection
	GlobalSection(ProjectConfigurationPlatforms) = postSolution
		{A8426084-3A78-48A4-AEC7-332CD13F7E2E}.Debug|Any CPU.ActiveCfg = Debug|Any CPU
		{A8426084-3A78-48A4-AEC7-332CD13F7E2E}.Debug|Any CPU.Build.0 = Debug|Any CPU
		{A8426084-3A78-48A4-AEC7-332CD13F7E2E}.Release|Any CPU.ActiveCfg = Release|Any CPU
		{A8426084-3A78-48A4-AEC7-332CD13F7E2E}.Release|Any CPU.Build.0 = Release|Any CPU
	EndGlobalSection
	GlobalSection(SolutionProperties) = preSolution
		HideSolutionNode = FALSE
	EndGlobalSection
	GlobalSection(ExtensibilityGlobals) = postSolution
		SolutionGuid = {E6909C51-0984-4FEF-B7D9-A87DA7F83BA2}
	EndGlobalSection
EndGlobal
